
Microsoft Visual Studio Solution File, Format Version 12.00
# Visual Studio Version 17
VisualStudioVersion = 17.5.002.0
MinimumVisualStudioVersion = 10.0.40219.1
Project("{9A19103F-16F7-4668-BE54-9A1E7A4F7556}") = "Ex_FactoryMethod", "Ex_FactoryMethod\Ex_FactoryMethod.csproj", "{13F190B0-1483-4014-B561-219F435A1454}"
EndProject
Project("{9A19103F-16F7-4668-BE54-9A1E7A4F7556}") = "Udemi_DiceRollGame_OOP", "Udemi_DiceRollGame_OOP\Udemi_DiceRollGame_OOP.csproj", "{649A2ABD-C911-4D4D-B5B2-FD62146766AD}"
EndProject
Project("{9A19103F-16F7-4668-BE54-9A1E7A4F7556}") = "Udemi_CookieCookbook", "Udemi_CookieCookbook\Udemi_CookieCookbook.csproj", "{A71C1F72-6EB5-42FC-8468-DBBDACE3A8D3}"
EndProject
Project("{9A19103F-16F7-4668-BE54-9A1E7A4F7556}") = "Udemi_VideoGames_Exceptions", "Udemi_VideoGames_Exceptions\Udemi_VideoGames_Exceptions.csproj", "{BAAB2D14-96D6-4A6B-B797-3EB8E7A7A047}"
EndProject
Project("{9A19103F-16F7-4668-BE54-9A1E7A4F7556}") = "Udemi_NetUnderTheHood", "Udemi_NetUnderTheHood\Udemi_NetUnderTheHood.csproj", "{0BF0E7B6-78D5-43AF-B16F-F18D3DF9A844}"
EndProject
Project("{9A19103F-16F7-4668-BE54-9A1E7A4F7556}") = "Udemi_CustomCashe", "Udemi_CustomCashe\Udemi_CustomCashe.csproj", "{0D1C1654-EE5B-43C7-9E13-0BDE21319158}"
EndProject
Project("{9A19103F-16F7-4668-BE54-9A1E7A4F7556}") = "Udemi_StarWarsPlanetStats", "Udemi_StarWarsPlanetStats\Udemi_StarWarsPlanetStats.csproj", "{A664F534-BEAB-46E1-A957-3D04C073E9FD}"
EndProject
Project("{9A19103F-16F7-4668-BE54-9A1E7A4F7556}") = "Udemi_CustomLinkedList", "Udemi_CustomLinkedList\Udemi_CustomLinkedList.csproj", "{005D598A-B5A8-4D52-BCE7-FE53B7C58937}"
EndProject
Project("{9A19103F-16F7-4668-BE54-9A1E7A4F7556}") = "Udemi_TicketsDataAggregate_FromPDF", "Udemi_TicketsDataAggregate_FromPDF\Udemi_TicketsDataAggregate_FromPDF.csproj", "{07BD1B66-C0A6-4823-A4BB-14CDFD949285}"
EndProject
Project("{9A19103F-16F7-4668-BE54-9A1E7A4F7556}") = "FirstWindowsFormsApp", "FirstWindowsFormsApp\FirstWindowsFormsApp.csproj", "{6BD54E9D-DA6D-406C-9050-C836C123AB78}"
EndProject
Project("{FAE04EC0-301F-11D3-BF4B-00C04F79EFBC}") = "Udemi_WinFormsApp_NumericTypeSuggestion", "Udemi_WinFormsApp_NumericTypeSuggestion\Udemi_WinFormsApp_NumericTypeSuggestion.csproj", "{07EB2C5B-1F92-41A0-9587-E59B3086923C}"
EndProject
Global
	GlobalSection(SolutionConfigurationPlatforms) = preSolution
		Debug|Any CPU = Debug|Any CPU
		Release|Any CPU = Release|Any CPU
	EndGlobalSection
	GlobalSection(ProjectConfigurationPlatforms) = postSolution
		{13F190B0-1483-4014-B561-219F435A1454}.Debug|Any CPU.ActiveCfg = Debug|Any CPU
		{13F190B0-1483-4014-B561-219F435A1454}.Debug|Any CPU.Build.0 = Debug|Any CPU
		{13F190B0-1483-4014-B561-219F435A1454}.Release|Any CPU.ActiveCfg = Release|Any CPU
		{13F190B0-1483-4014-B561-219F435A1454}.Release|Any CPU.Build.0 = Release|Any CPU
		{649A2ABD-C911-4D4D-B5B2-FD62146766AD}.Debug|Any CPU.ActiveCfg = Debug|Any CPU
		{649A2ABD-C911-4D4D-B5B2-FD62146766AD}.Debug|Any CPU.Build.0 = Debug|Any CPU
		{649A2ABD-C911-4D4D-B5B2-FD62146766AD}.Release|Any CPU.ActiveCfg = Release|Any CPU
		{649A2ABD-C911-4D4D-B5B2-FD62146766AD}.Release|Any CPU.Build.0 = Release|Any CPU
		{A71C1F72-6EB5-42FC-8468-DBBDACE3A8D3}.Debug|Any CPU.ActiveCfg = Debug|Any CPU
		{A71C1F72-6EB5-42FC-8468-DBBDACE3A8D3}.Debug|Any CPU.Build.0 = Debug|Any CPU
		{A71C1F72-6EB5-42FC-8468-DBBDACE3A8D3}.Release|Any CPU.ActiveCfg = Release|Any CPU
		{A71C1F72-6EB5-42FC-8468-DBBDACE3A8D3}.Release|Any CPU.Build.0 = Release|Any CPU
		{BAAB2D14-96D6-4A6B-B797-3EB8E7A7A047}.Debug|Any CPU.ActiveCfg = Debug|Any CPU
		{BAAB2D14-96D6-4A6B-B797-3EB8E7A7A047}.Debug|Any CPU.Build.0 = Debug|Any CPU
		{BAAB2D14-96D6-4A6B-B797-3EB8E7A7A047}.Release|Any CPU.ActiveCfg = Release|Any CPU
		{BAAB2D14-96D6-4A6B-B797-3EB8E7A7A047}.Release|Any CPU.Build.0 = Release|Any CPU
		{0BF0E7B6-78D5-43AF-B16F-F18D3DF9A844}.Debug|Any CPU.ActiveCfg = Debug|Any CPU
		{0BF0E7B6-78D5-43AF-B16F-F18D3DF9A844}.Debug|Any CPU.Build.0 = Debug|Any CPU
		{0BF0E7B6-78D5-43AF-B16F-F18D3DF9A844}.Release|Any CPU.ActiveCfg = Release|Any CPU
		{0BF0E7B6-78D5-43AF-B16F-F18D3DF9A844}.Release|Any CPU.Build.0 = Release|Any CPU
		{0D1C1654-EE5B-43C7-9E13-0BDE21319158}.Debug|Any CPU.ActiveCfg = Debug|Any CPU
		{0D1C1654-EE5B-43C7-9E13-0BDE21319158}.Debug|Any CPU.Build.0 = Debug|Any CPU
		{0D1C1654-EE5B-43C7-9E13-0BDE21319158}.Release|Any CPU.ActiveCfg = Release|Any CPU
		{0D1C1654-EE5B-43C7-9E13-0BDE21319158}.Release|Any CPU.Build.0 = Release|Any CPU
		{A664F534-BEAB-46E1-A957-3D04C073E9FD}.Debug|Any CPU.ActiveCfg = Debug|Any CPU
		{A664F534-BEAB-46E1-A957-3D04C073E9FD}.Debug|Any CPU.Build.0 = Debug|Any CPU
		{A664F534-BEAB-46E1-A957-3D04C073E9FD}.Release|Any CPU.ActiveCfg = Release|Any CPU
		{A664F534-BEAB-46E1-A957-3D04C073E9FD}.Release|Any CPU.Build.0 = Release|Any CPU
		{005D598A-B5A8-4D52-BCE7-FE53B7C58937}.Debug|Any CPU.ActiveCfg = Debug|Any CPU
		{005D598A-B5A8-4D52-BCE7-FE53B7C58937}.Debug|Any CPU.Build.0 = Debug|Any CPU
		{005D598A-B5A8-4D52-BCE7-FE53B7C58937}.Release|Any CPU.ActiveCfg = Release|Any CPU
		{005D598A-B5A8-4D52-BCE7-FE53B7C58937}.Release|Any CPU.Build.0 = Release|Any CPU
		{07BD1B66-C0A6-4823-A4BB-14CDFD949285}.Debug|Any CPU.ActiveCfg = Debug|Any CPU
		{07BD1B66-C0A6-4823-A4BB-14CDFD949285}.Debug|Any CPU.Build.0 = Debug|Any CPU
		{07BD1B66-C0A6-4823-A4BB-14CDFD949285}.Release|Any CPU.ActiveCfg = Release|Any CPU
		{07BD1B66-C0A6-4823-A4BB-14CDFD949285}.Release|Any CPU.Build.0 = Release|Any CPU
		{6BD54E9D-DA6D-406C-9050-C836C123AB78}.Debug|Any CPU.ActiveCfg = Debug|Any CPU
		{6BD54E9D-DA6D-406C-9050-C836C123AB78}.Debug|Any CPU.Build.0 = Debug|Any CPU
		{6BD54E9D-DA6D-406C-9050-C836C123AB78}.Release|Any CPU.ActiveCfg = Release|Any CPU
		{6BD54E9D-DA6D-406C-9050-C836C123AB78}.Release|Any CPU.Build.0 = Release|Any CPU
		{07EB2C5B-1F92-41A0-9587-E59B3086923C}.Debug|Any CPU.ActiveCfg = Debug|Any CPU
		{07EB2C5B-1F92-41A0-9587-E59B3086923C}.Debug|Any CPU.Build.0 = Debug|Any CPU
		{07EB2C5B-1F92-41A0-9587-E59B3086923C}.Release|Any CPU.ActiveCfg = Release|Any CPU
		{07EB2C5B-1F92-41A0-9587-E59B3086923C}.Release|Any CPU.Build.0 = Release|Any CPU
	EndGlobalSection
	GlobalSection(SolutionProperties) = preSolution
		HideSolutionNode = FALSE
	EndGlobalSection
	GlobalSection(ExtensibilityGlobals) = postSolution
		SolutionGuid = {9F9160FB-C012-448E-9E8E-FCF2C67975E7}
	EndGlobalSection
EndGlobal
